
Microsoft Visual Studio Solution File, Format Version 12.00
# Visual Studio 15
Project("{FAE04EC0-301F-11D3-BF4B-00C04F79EFBC}") = "api", "api\api.csproj", "{10BA5F1B-62D8-498E-BE45-9D3B8EBAFD92}"
EndProject
Project("{FAE04EC0-301F-11D3-BF4B-00C04F79EFBC}") = "core", "core\core.csproj", "{2D03B303-DE7E-487D-9EB1-FD405A9AB685}"
EndProject
Global
	GlobalSection(SolutionConfigurationPlatforms) = preSolution
		Debug|Any CPU = Debug|Any CPU
		Release|Any CPU = Release|Any CPU
	EndGlobalSection
	GlobalSection(ProjectConfigurationPlatforms) = postSolution
		{10BA5F1B-62D8-498E-BE45-9D3B8EBAFD92}.Debug|Any CPU.ActiveCfg = Debug|Any CPU
		{10BA5F1B-62D8-498E-BE45-9D3B8EBAFD92}.Debug|Any CPU.Build.0 = Debug|Any CPU
		{10BA5F1B-62D8-498E-BE45-9D3B8EBAFD92}.Release|Any CPU.ActiveCfg = Release|Any CPU
		{10BA5F1B-62D8-498E-BE45-9D3B8EBAFD92}.Release|Any CPU.Build.0 = Release|Any CPU
		{2D03B303-DE7E-487D-9EB1-FD405A9AB685}.Debug|Any CPU.ActiveCfg = Debug|Any CPU
		{2D03B303-DE7E-487D-9EB1-FD405A9AB685}.Debug|Any CPU.Build.0 = Debug|Any CPU
		{2D03B303-DE7E-487D-9EB1-FD405A9AB685}.Release|Any CPU.ActiveCfg = Release|Any CPU
		{2D03B303-DE7E-487D-9EB1-FD405A9AB685}.Release|Any CPU.Build.0 = Release|Any CPU
	EndGlobalSection
EndGlobal
